
Microsoft Visual Studio Solution File, Format Version 12.00
# Visual Studio Version 16
VisualStudioVersion = 16.0.29102.190
MinimumVisualStudioVersion = 10.0.40219.1
Project("{FAE04EC0-301F-11D3-BF4B-00C04F79EFBC}") = "FluentValidationExample", "FluentValidationExample\FluentValidationExample.csproj", "{FB931D81-0C4B-450E-A2B5-E011548A42CB}"
EndProject
Global
	GlobalSection(SolutionConfigurationPlatforms) = preSolution
		Debug|Any CPU = Debug|Any CPU
		Release|Any CPU = Release|Any CPU
	EndGlobalSection
	GlobalSection(ProjectConfigurationPlatforms) = postSolution
		{FB931D81-0C4B-450E-A2B5-E011548A42CB}.Debug|Any CPU.ActiveCfg = Debug|Any CPU
		{FB931D81-0C4B-450E-A2B5-E011548A42CB}.Debug|Any CPU.Build.0 = Debug|Any CPU
		{FB931D81-0C4B-450E-A2B5-E011548A42CB}.Release|Any CPU.ActiveCfg = Release|Any CPU
		{FB931D81-0C4B-450E-A2B5-E011548A42CB}.Release|Any CPU.Build.0 = Release|Any CPU
	EndGlobalSection
	GlobalSection(SolutionProperties) = preSolution
		HideSolutionNode = FALSE
	EndGlobalSection
	GlobalSection(ExtensibilityGlobals) = postSolution
		SolutionGuid = {15CAAEEA-28C1-411A-82DD-25D1C7F4D7EF}
	EndGlobalSection
EndGlobal
